
Microsoft Visual Studio Solution File, Format Version 12.00
# Visual Studio Version 16
VisualStudioVersion = 16.0.29326.143
MinimumVisualStudioVersion = 10.0.40219.1
Project("{FAE04EC0-301F-11D3-BF4B-00C04F79EFBC}") = "ExercicioEstruturaRepetitiva", "ExercicioEstruturaRepetitiva\ExercicioEstruturaRepetitiva.csproj", "{B53C446A-F8EE-4050-93AA-81AF8FBDBFF8}"
EndProject
Global
	GlobalSection(SolutionConfigurationPlatforms) = preSolution
		Debug|Any CPU = Debug|Any CPU
		Release|Any CPU = Release|Any CPU
	EndGlobalSection
	GlobalSection(ProjectConfigurationPlatforms) = postSolution
		{B53C446A-F8EE-4050-93AA-81AF8FBDBFF8}.Debug|Any CPU.ActiveCfg = Debug|Any CPU
		{B53C446A-F8EE-4050-93AA-81AF8FBDBFF8}.Debug|Any CPU.Build.0 = Debug|Any CPU
		{B53C446A-F8EE-4050-93AA-81AF8FBDBFF8}.Release|Any CPU.ActiveCfg = Release|Any CPU
		{B53C446A-F8EE-4050-93AA-81AF8FBDBFF8}.Release|Any CPU.Build.0 = Release|Any CPU
	EndGlobalSection
	GlobalSection(SolutionProperties) = preSolution
		HideSolutionNode = FALSE
	EndGlobalSection
	GlobalSection(ExtensibilityGlobals) = postSolution
		SolutionGuid = {6C2196E7-125F-4F64-A962-39EDF9E91DC9}
	EndGlobalSection
EndGlobal
